// !$*UTF8*$!
{
	archiveVersion = 1;
	classes = {
	};
	objectVersion = 50;
	objects = {

/* Begin PBXBuildFile section */
		5CD3E75E24DFA78300C7B238 /* AppDelegate.m in Sources */ = {isa = PBXBuildFile; fileRef = 5CD3E75D24DFA78300C7B238 /* AppDelegate.m */; };
		5CD3E76124DFA78300C7B238 /* SceneDelegate.m in Sources */ = {isa = PBXBuildFile; fileRef = 5CD3E76024DFA78300C7B238 /* SceneDelegate.m */; };
		5CD3E76424DFA78300C7B238 /* ViewController.m in Sources */ = {isa = PBXBuildFile; fileRef = 5CD3E76324DFA78300C7B238 /* ViewController.m */; };
		5CD3E76724DFA78300C7B238 /* Main.storyboard in Resources */ = {isa = PBXBuildFile; fileRef = 5CD3E76524DFA78300C7B238 /* Main.storyboard */; };
		5CD3E76924DFA78400C7B238 /* Assets.xcassets in Resources */ = {isa = PBXBuildFile; fileRef = 5CD3E76824DFA78400C7B238 /* Assets.xcassets */; };
		5CD3E76C24DFA78400C7B238 /* LaunchScreen.storyboard in Resources */ = {isa = PBXBuildFile; fileRef = 5CD3E76A24DFA78400C7B238 /* LaunchScreen.storyboard */; };
		5CD3E76F24DFA78400C7B238 /* main.m in Sources */ = {isa = PBXBuildFile; fileRef = 5CD3E76E24DFA78400C7B238 /* main.m */; };
		5CD3E77924DFA78400C7B238 /* weiTests.m in Sources */ = {isa = PBXBuildFile; fileRef = 5CD3E77824DFA78400C7B238 /* weiTests.m */; };
		5CD3E78424DFA78400C7B238 /* weiUITests.m in Sources */ = {isa = PBXBuildFile; fileRef = 5CD3E78324DFA78400C7B238 /* weiUITests.m */; };
/* End PBXBuildFile section */

/* Begin PBXContainerItemProxy section */
		5CD3E77524DFA78400C7B238 /* PBXContainerItemProxy */ = {
			isa = PBXContainerItemProxy;
			containerPortal = 5CD3E75124DFA78300C7B238 /* Project object */;
			proxyType = 1;
			remoteGlobalIDString = 5CD3E75824DFA78300C7B238;
			remoteInfo = wei;
		};
		5CD3E78024DFA78400C7B238 /* PBXContainerItemProxy */ = {
			isa = PBXContainerItemProxy;
			containerPortal = 5CD3E75124DFA78300C7B238 /* Project object */;
			proxyType = 1;
			remoteGlobalIDString = 5CD3E75824DFA78300C7B238;
			remoteInfo = wei;
		};
/* End PBXContainerItemProxy section */

/* Begin PBXFileReference section */
		5CD3E75924DFA78300C7B238 /* wei.app */ = {isa = PBXFileReference; explicitFileType = wrapper.application; includeInIndex = 0; path = wei.app; sourceTree = BUILT_PRODUCTS_DIR; };
		5CD3E75C24DFA78300C7B238 /* AppDelegate.h */ = {isa = PBXFileReference; lastKnownFileType = sourcecode.c.h; path = AppDelegate.h; sourceTree = "<group>"; };
		5CD3E75D24DFA78300C7B238 /* AppDelegate.m */ = {isa = PBXFileReference; lastKnownFileType = sourcecode.c.objc; path = AppDelegate.m; sourceTree = "<group>"; };
		5CD3E75F24DFA78300C7B238 /* SceneDelegate.h */ = {isa = PBXFileReference; lastKnownFileType = sourcecode.c.h; path = SceneDelegate.h; sourceTree = "<group>"; };
		5CD3E76024DFA78300C7B238 /* SceneDelegate.m */ = {isa = PBXFileReference; lastKnownFileType = sourcecode.c.objc; path = SceneDelegate.m; sourceTree = "<group>"; };
		5CD3E76224DFA78300C7B238 /* ViewController.h */ = {isa = PBXFileReference; lastKnownFileType = sourcecode.c.h; path = ViewController.h; sourceTree = "<group>"; };
		5CD3E76324DFA78300C7B238 /* ViewController.m */ = {isa = PBXFileReference; lastKnownFileType = sourcecode.c.objc; path = ViewController.m; sourceTree = "<group>"; };
		5CD3E76624DFA78300C7B238 /* Base */ = {isa = PBXFileReference; lastKnownFileType = file.storyboard; name = Base; path = Base.lproj/Main.storyboard; sourceTree = "<group>"; };
		5CD3E76824DFA78400C7B238 /* Assets.xcassets */ = {isa = PBXFileReference; lastKnownFileType = folder.assetcatalog; path = Assets.xcassets; sourceTree = "<group>"; };
		5CD3E76B24DFA78400C7B238 /* Base */ = {isa = PBXFileReference; lastKnownFileType = file.storyboard; name = Base; path = Base.lproj/LaunchScreen.storyboard; sourceTree = "<group>"; };
		5CD3E76D24DFA78400C7B238 /* Info.plist */ = {isa = PBXFileReference; lastKnownFileType = text.plist.xml; path = Info.plist; sourceTree = "<group>"; };
		5CD3E76E24DFA78400C7B238 /* main.m */ = {isa = PBXFileReference; lastKnownFileType = sourcecode.c.objc; path = main.m; sourceTree = "<group>"; };
		5CD3E77424DFA78400C7B238 /* weiTests.xctest */ = {isa = PBXFileReference; explicitFileType = wrapper.cfbundle; includeInIndex = 0; path = weiTests.xctest; sourceTree = BUILT_PRODUCTS_DIR; };
		5CD3E77824DFA78400C7B238 /* weiTests.m */ = {isa = PBXFileReference; lastKnownFileType = sourcecode.c.objc; path = weiTests.m; sourceTree = "<group>"; };
		5CD3E77A24DFA78400C7B238 /* Info.plist */ = {isa = PBXFileReference; lastKnownFileType = text.plist.xml; path = Info.plist; sourceTree = "<group>"; };
		5CD3E77F24DFA78400C7B238 /* weiUITests.xctest */ = {isa = PBXFileReference; explicitFileType = wrapper.cfbundle; includeInIndex = 0; path = weiUITests.xctest; sourceTree = BUILT_PRODUCTS_DIR; };
		5CD3E78324DFA78400C7B238 /* weiUITests.m */ = {isa = PBXFileReference; lastKnownFileType = sourcecode.c.objc; path = weiUITests.m; sourceTree = "<group>"; };
		5CD3E78524DFA78400C7B238 /* Info.plist */ = {isa = PBXFileReference; lastKnownFileType = text.plist.xml; path = Info.plist; sourceTree = "<group>"; };
/* End PBXFileReference section */

/* Begin PBXFrameworksBuildPhase section */
		5CD3E75624DFA78300C7B238 /* Frameworks */ = {
			isa = PBXFrameworksBuildPhase;
			buildActionMask = 2147483647;
			files = (
			);
			runOnlyForDeploymentPostprocessing = 0;
		};
		5CD3E77124DFA78400C7B238 /* Frameworks */ = {
			isa = PBXFrameworksBuildPhase;
			buildActionMask = 2147483647;
			files = (
			);
			runOnlyForDeploymentPostprocessing = 0;
		};
		5CD3E77C24DFA78400C7B238 /* Frameworks */ = {
			isa = PBXFrameworksBuildPhase;
			buildActionMask = 2147483647;
			files = (
			);
			runOnlyForDeploymentPostprocessing = 0;
		};
/* End PBXFrameworksBuildPhase section */

/* Begin PBXGroup section */
		5CD3E75024DFA78300C7B238 = {
			isa = PBXGroup;
			children = (
				5CD3E75B24DFA78300C7B238 /* wei */,
				5CD3E77724DFA78400C7B238 /* weiTests */,
				5CD3E78224DFA78400C7B238 /* weiUITests */,
				5CD3E75A24DFA78300C7B238 /* Products */,
			);
			sourceTree = "<group>";
		};
		5CD3E75A24DFA78300C7B238 /* Products */ = {
			isa = PBXGroup;
			children = (
				5CD3E75924DFA78300C7B238 /* wei.app */,
				5CD3E77424DFA78400C7B238 /* weiTests.xctest */,
				5CD3E77F24DFA78400C7B238 /* weiUITests.xctest */,
			);
			name = Products;
			sourceTree = "<group>";
		};
		5CD3E75B24DFA78300C7B238 /* wei */ = {
			isa = PBXGroup;
			children = (
				5CD3E75C24DFA78300C7B238 /* AppDelegate.h */,
				5CD3E75D24DFA78300C7B238 /* AppDelegate.m */,
				5CD3E75F24DFA78300C7B238 /* SceneDelegate.h */,
				5CD3E76024DFA78300C7B238 /* SceneDelegate.m */,
				5CD3E76224DFA78300C7B238 /* ViewController.h */,
				5CD3E76324DFA78300C7B238 /* ViewController.m */,
				5CD3E76524DFA78300C7B238 /* Main.storyboard */,
				5CD3E76824DFA78400C7B238 /* Assets.xcassets */,
				5CD3E76A24DFA78400C7B238 /* LaunchScreen.storyboard */,
				5CD3E76D24DFA78400C7B238 /* Info.plist */,
				5CD3E76E24DFA78400C7B238 /* main.m */,
			);
			path = wei;
			sourceTree = "<group>";
		};
		5CD3E77724DFA78400C7B238 /* weiTests */ = {
			isa = PBXGroup;
			children = (
				5CD3E77824DFA78400C7B238 /* weiTests.m */,
				5CD3E77A24DFA78400C7B238 /* Info.plist */,
			);
			path = weiTests;
			sourceTree = "<group>";
		};
		5CD3E78224DFA78400C7B238 /* weiUITests */ = {
			isa = PBXGroup;
			children = (
				5CD3E78324DFA78400C7B238 /* weiUITests.m */,
				5CD3E78524DFA78400C7B238 /* Info.plist */,
			);
			path = weiUITests;
			sourceTree = "<group>";
		};
/* End PBXGroup section */

/* Begin PBXNativeTarget section */
		5CD3E75824DFA78300C7B238 /* wei */ = {
			isa = PBXNativeTarget;
			buildConfigurationList = 5CD3E78824DFA78400C7B238 /* Build configuration list for PBXNativeTarget "wei" */;
			buildPhases = (
				5CD3E75524DFA78300C7B238 /* Sources */,
				5CD3E75624DFA78300C7B238 /* Frameworks */,
				5CD3E75724DFA78300C7B238 /* Resources */,
			);
			buildRules = (
			);
			dependencies = (
			);
			name = wei;
			productName = wei;
			productReference = 5CD3E75924DFA78300C7B238 /* wei.app */;
			productType = "com.apple.product-type.application";
		};
		5CD3E77324DFA78400C7B238 /* weiTests */ = {
			isa = PBXNativeTarget;
			buildConfigurationList = 5CD3E78B24DFA78400C7B238 /* Build configuration list for PBXNativeTarget "weiTests" */;
			buildPhases = (
				5CD3E77024DFA78400C7B238 /* Sources */,
				5CD3E77124DFA78400C7B238 /* Frameworks */,
				5CD3E77224DFA78400C7B238 /* Resources */,
			);
			buildRules = (
			);
			dependencies = (
				5CD3E77624DFA78400C7B238 /* PBXTargetDependency */,
			);
			name = weiTests;
			productName = weiTests;
			productReference = 5CD3E77424DFA78400C7B238 /* weiTests.xctest */;
			productType = "com.apple.product-type.bundle.unit-test";
		};
		5CD3E77E24DFA78400C7B238 /* weiUITests */ = {
			isa = PBXNativeTarget;
			buildConfigurationList = 5CD3E78E24DFA78400C7B238 /* Build configuration list for PBXNativeTarget "weiUITests" */;
			buildPhases = (
				5CD3E77B24DFA78400C7B238 /* Sources */,
				5CD3E77C24DFA78400C7B238 /* Frameworks */,
				5CD3E77D24DFA78400C7B238 /* Resources */,
			);
			buildRules = (
			);
			dependencies = (
				5CD3E78124DFA78400C7B238 /* PBXTargetDependency */,
			);
			name = weiUITests;
			productName = weiUITests;
			productReference = 5CD3E77F24DFA78400C7B238 /* weiUITests.xctest */;
			productType = "com.apple.product-type.bundle.ui-testing";
		};
/* End PBXNativeTarget section */

/* Begin PBXProject section */
		5CD3E75124DFA78300C7B238 /* Project object */ = {
			isa = PBXProject;
			attributes = {
				LastUpgradeCheck = 1150;
				ORGANIZATIONNAME = "翟希达";
				TargetAttributes = {
					5CD3E75824DFA78300C7B238 = {
						CreatedOnToolsVersion = 11.5;
					};
					5CD3E77324DFA78400C7B238 = {
						CreatedOnToolsVersion = 11.5;
						TestTargetID = 5CD3E75824DFA78300C7B238;
					};
					5CD3E77E24DFA78400C7B238 = {
						CreatedOnToolsVersion = 11.5;
						TestTargetID = 5CD3E75824DFA78300C7B238;
					};
				};
			};
			buildConfigurationList = 5CD3E75424DFA78300C7B238 /* Build configuration list for PBXProject "wei" */;
			compatibilityVersion = "Xcode 9.3";
			developmentRegion = en;
			hasScannedForEncodings = 0;
			knownRegions = (
				en,
				Base,
			);
			mainGroup = 5CD3E75024DFA78300C7B238;
			productRefGroup = 5CD3E75A24DFA78300C7B238 /* Products */;
			projectDirPath = "";
			projectRoot = "";
			targets = (
				5CD3E75824DFA78300C7B238 /* wei */,
				5CD3E77324DFA78400C7B238 /* weiTests */,
				5CD3E77E24DFA78400C7B238 /* weiUITests */,
			);
		};
/* End PBXProject section */

/* Begin PBXResourcesBuildPhase section */
		5CD3E75724DFA78300C7B238 /* Resources */ = {
			isa = PBXResourcesBuildPhase;
			buildActionMask = 2147483647;
			files = (
				5CD3E76C24DFA78400C7B238 /* LaunchScreen.storyboard in Resources */,
				5CD3E76924DFA78400C7B238 /* Assets.xcassets in Resources */,
				5CD3E76724DFA78300C7B238 /* Main.storyboard in Resources */,
			);
			runOnlyForDeploymentPostprocessing = 0;
		};
		5CD3E77224DFA78400C7B238 /* Resources */ = {
			isa = PBXResourcesBuildPhase;
			buildActionMask = 2147483647;
			files = (
			);
			runOnlyForDeploymentPostprocessing = 0;
		};
		5CD3E77D24DFA78400C7B238 /* Resources */ = {
			isa = PBXResourcesBuildPhase;
			buildActionMask = 2147483647;
			files = (
			);
			runOnlyForDeploymentPostprocessing = 0;
		};
/* End PBXResourcesBuildPhase section */

/* Begin PBXSourcesBuildPhase section */
		5CD3E75524DFA78300C7B238 /* Sources */ = {
			isa = PBXSourcesBuildPhase;
			buildActionMask = 2147483647;
			files = (
				5CD3E76424DFA78300C7B238 /* ViewController.m in Sources */,
				5CD3E75E24DFA78300C7B238 /* AppDelegate.m in Sources */,
				5CD3E76F24DFA78400C7B238 /* main.m in Sources */,
				5CD3E76124DFA78300C7B238 /* SceneDelegate.m in Sources */,
			);
			runOnlyForDeploymentPostprocessing = 0;
		};
		5CD3E77024DFA78400C7B238 /* Sources */ = {
			isa = PBXSourcesBuildPhase;
			buildActionMask = 2147483647;
			files = (
				5CD3E77924DFA78400C7B238 /* weiTests.m in Sources */,
			);
			runOnlyForDeploymentPostprocessing = 0;
		};
		5CD3E77B24DFA78400C7B238 /* Sources */ = {
			isa = PBXSourcesBuildPhase;
			buildActionMask = 2147483647;
			files = (
				5CD3E78424DFA78400C7B238 /* weiUITests.m in Sources */,
			);
			runOnlyForDeploymentPostprocessing = 0;
		};
/* End PBXSourcesBuildPhase section */

/* Begin PBXTargetDependency section */
		5CD3E77624DFA78400C7B238 /* PBXTargetDependency */ = {
			isa = PBXTargetDependency;
			target = 5CD3E75824DFA78300C7B238 /* wei */;
			targetProxy = 5CD3E77524DFA78400C7B238 /* PBXContainerItemProxy */;
		};
		5CD3E78124DFA78400C7B238 /* PBXTargetDependency */ = {
			isa = PBXTargetDependency;
			target = 5CD3E75824DFA78300C7B238 /* wei */;
			targetProxy = 5CD3E78024DFA78400C7B238 /* PBXContainerItemProxy */;
		};
/* End PBXTargetDependency section */

/* Begin PBXVariantGroup section */
		5CD3E76524DFA78300C7B238 /* Main.storyboard */ = {
			isa = PBXVariantGroup;
			children = (
				5CD3E76624DFA78300C7B238 /* Base */,
			);
			name = Main.storyboard;
			sourceTree = "<group>";
		};
		5CD3E76A24DFA78400C7B238 /* LaunchScreen.storyboard */ = {
			isa = PBXVariantGroup;
			children = (
				5CD3E76B24DFA78400C7B238 /* Base */,
			);
			name = LaunchScreen.storyboard;
			sourceTree = "<group>";
		};
/* End PBXVariantGroup section */

/* Begin XCBuildConfiguration section */
		5CD3E78624DFA78400C7B238 /* Debug */ = {
			isa = XCBuildConfiguration;
			buildSettings = {
				ALWAYS_SEARCH_USER_PATHS = NO;
				CLANG_ANALYZER_NONNULL = YES;
				CLANG_ANALYZER_NUMBER_OBJECT_CONVERSION = YES_AGGRESSIVE;
				CLANG_CXX_LANGUAGE_STANDARD = "gnu++14";
				CLANG_CXX_LIBRARY = "libc++";
				CLANG_ENABLE_MODULES = YES;
				CLANG_ENABLE_OBJC_ARC = YES;
				CLANG_ENABLE_OBJC_WEAK = YES;
				CLANG_WARN_BLOCK_CAPTURE_AUTORELEASING = YES;
				CLANG_WARN_BOOL_CONVERSION = YES;
				CLANG_WARN_COMMA = YES;
				CLANG_WARN_CONSTANT_CONVERSION = YES;
				CLANG_WARN_DEPRECATED_OBJC_IMPLEMENTATIONS = YES;
				CLANG_WARN_DIRECT_OBJC_ISA_USAGE = YES_ERROR;
				CLANG_WARN_DOCUMENTATION_COMMENTS = YES;
				CLANG_WARN_EMPTY_BODY = YES;
				CLANG_WARN_ENUM_CONVERSION = YES;
				CLANG_WARN_INFINITE_RECURSION = YES;
				CLANG_WARN_INT_CONVERSION = YES;
				CLANG_WARN_NON_LITERAL_NULL_CONVERSION = YES;
				CLANG_WARN_OBJC_IMPLICIT_RETAIN_SELF = YES;
				CLANG_WARN_OBJC_LITERAL_CONVERSION = YES;
				CLANG_WARN_OBJC_ROOT_CLASS = YES_ERROR;
				CLANG_WARN_RANGE_LOOP_ANALYSIS = YES;
				CLANG_WARN_STRICT_PROTOTYPES = YES;
				CLANG_WARN_SUSPICIOUS_MOVE = YES;
				CLANG_WARN_UNGUARDED_AVAILABILITY = YES_AGGRESSIVE;
				CLANG_WARN_UNREACHABLE_CODE = YES;
				CLANG_WARN__DUPLICATE_METHOD_MATCH = YES;
				COPY_PHASE_STRIP = NO;
				DEBUG_INFORMATION_FORMAT = dwarf;
				ENABLE_STRICT_OBJC_MSGSEND = YES;
				ENABLE_TESTABILITY = YES;
				GCC_C_LANGUAGE_STANDARD = gnu11;
				GCC_DYNAMIC_NO_PIC = NO;
				GCC_NO_COMMON_BLOCKS = YES;
				GCC_OPTIMIZATION_LEVEL = 0;
				GCC_PREPROCESSOR_DEFINITIONS = (
					"DEBUG=1",
					"$(inherited)",
				);
				GCC_WARN_64_TO_32_BIT_CONVERSION = YES;
				GCC_WARN_ABOUT_RETURN_TYPE = YES_ERROR;
				GCC_WARN_UNDECLARED_SELECTOR = YES;
				GCC_WARN_UNINITIALIZED_AUTOS = YES_AGGRESSIVE;
				GCC_WARN_UNUSED_FUNCTION = YES;
				GCC_WARN_UNUSED_VARIABLE = YES;
				IPHONEOS_DEPLOYMENT_TARGET = 13.5;
				MTL_ENABLE_DEBUG_INFO = INCLUDE_SOURCE;
				MTL_FAST_MATH = YES;
				ONLY_ACTIVE_ARCH = YES;
				SDKROOT = iphoneos;
			};
			name = Debug;
		};
		5CD3E78724DFA78400C7B238 /* Release */ = {
			isa = XCBuildConfiguration;
			buildSettings = {
				ALWAYS_SEARCH_USER_PATHS = NO;
				CLANG_ANALYZER_NONNULL = YES;
				CLANG_ANALYZER_NUMBER_OBJECT_CONVERSION = YES_AGGRESSIVE;
				CLANG_CXX_LANGUAGE_STANDARD = "gnu++14";
				CLANG_CXX_LIBRARY = "libc++";
				CLANG_ENABLE_MODULES = YES;
				CLANG_ENABLE_OBJC_ARC = YES;
				CLANG_ENABLE_OBJC_WEAK = YES;
				CLANG_WARN_BLOCK_CAPTURE_AUTORELEASING = YES;
				CLANG_WARN_BOOL_CONVERSION = YES;
				CLANG_WARN_COMMA = YES;
				CLANG_WARN_CONSTANT_CONVERSION = YES;
				CLANG_WARN_DEPRECATED_OBJC_IMPLEMENTATIONS = YES;
				CLANG_WARN_DIRECT_OBJC_ISA_USAGE = YES_ERROR;
				CLANG_WARN_DOCUMENTATION_COMMENTS = YES;
				CLANG_WARN_EMPTY_BODY = YES;
				CLANG_WARN_ENUM_CONVERSION = YES;
				CLANG_WARN_INFINITE_RECURSION = YES;
				CLANG_WARN_INT_CONVERSION = YES;
				CLANG_WARN_NON_LITERAL_NULL_CONVERSION = YES;
				CLANG_WARN_OBJC_IMPLICIT_RETAIN_SELF = YES;
				CLANG_WARN_OBJC_LITERAL_CONVERSION = YES;
				CLANG_WARN_OBJC_ROOT_CLASS = YES_ERROR;
				CLANG_WARN_RANGE_LOOP_ANALYSIS = YES;
				CLANG_WARN_STRICT_PROTOTYPES = YES;
				CLANG_WARN_SUSPICIOUS_MOVE = YES;
				CLANG_WARN_UNGUARDED_AVAILABILITY = YES_AGGRESSIVE;
				CLANG_WARN_UNREACHABLE_CODE = YES;
				CLANG_WARN__DUPLICATE_METHOD_MATCH = YES;
				COPY_PHASE_STRIP = NO;
				DEBUG_INFORMATION_FORMAT = "dwarf-with-dsym";
				ENABLE_NS_ASSERTIONS = NO;
				ENABLE_STRICT_OBJC_MSGSEND = YES;
				GCC_C_LANGUAGE_STANDARD = gnu11;
				GCC_NO_COMMON_BLOCKS = YES;
				GCC_WARN_64_TO_32_BIT_CONVERSION = YES;
				GCC_WARN_ABOUT_RETURN_TYPE = YES_ERROR;
				GCC_WARN_UNDECLARED_SELECTOR = YES;
				GCC_WARN_UNINITIALIZED_AUTOS = YES_AGGRESSIVE;
				GCC_WARN_UNUSED_FUNCTION = YES;
				GCC_WARN_UNUSED_VARIABLE = YES;
				IPHONEOS_DEPLOYMENT_TARGET = 13.5;
				MTL_ENABLE_DEBUG_INFO = NO;
				MTL_FAST_MATH = YES;
				SDKROOT = iphoneos;
				VALIDATE_PRODUCT = YES;
			};
			name = Release;
		};
		5CD3E78924DFA78400C7B238 /* Debug */ = {
			isa = XCBuildConfiguration;
			buildSettings = {
				ASSETCATALOG_COMPILER_APPICON_NAME = AppIcon;
				CODE_SIGN_STYLE = Automatic;
				INFOPLIST_FILE = wei/Info.plist;
				LD_RUNPATH_SEARCH_PATHS = (
					"$(inherited)",
					"@executable_path/Frameworks",
				);
				PRODUCT_BUNDLE_IDENTIFIER = xx.wei;
				PRODUCT_NAME = "$(TARGET_NAME)";
				TARGETED_DEVICE_FAMILY = "1,2";
			};
			name = Debug;
		};
		5CD3E78A24DFA78400C7B238 /* Release */ = {
			isa = XCBuildConfiguration;
			buildSettings = {
				ASSETCATALOG_COMPILER_APPICON_NAME = AppIcon;
				CODE_SIGN_STYLE = Automatic;
				INFOPLIST_FILE = wei/Info.plist;
				LD_RUNPATH_SEARCH_PATHS = (
					"$(inherited)",
					"@executable_path/Frameworks",
				);
				PRODUCT_BUNDLE_IDENTIFIER = xx.wei;
				PRODUCT_NAME = "$(TARGET_NAME)";
				TARGETED_DEVICE_FAMILY = "1,2";
			};
			name = Release;
		};
		5CD3E78C24DFA78400C7B238 /* Debug */ = {
			isa = XCBuildConfiguration;
			buildSettings = {
				BUNDLE_LOADER = "$(TEST_HOST)";
				CODE_SIGN_STYLE = Automatic;
				INFOPLIST_FILE = weiTests/Info.plist;
				IPHONEOS_DEPLOYMENT_TARGET = 13.5;
				LD_RUNPATH_SEARCH_PATHS = (
					"$(inherited)",
					"@executable_path/Frameworks",
					"@loader_path/Frameworks",
				);
				PRODUCT_BUNDLE_IDENTIFIER = xx.weiTests;
				PRODUCT_NAME = "$(TARGET_NAME)";
				TARGETED_DEVICE_FAMILY = "1,2";
				TEST_HOST = "$(BUILT_PRODUCTS_DIR)/wei.app/wei";
			};
			name = Debug;
		};
		5CD3E78D24DFA78400C7B238 /* Release */ = {
			isa = XCBuildConfiguration;
			buildSettings = {
				BUNDLE_LOADER = "$(TEST_HOST)";
				CODE_SIGN_STYLE = Automatic;
				INFOPLIST_FILE = weiTests/Info.plist;
				IPHONEOS_DEPLOYMENT_TARGET = 13.5;
				LD_RUNPATH_SEARCH_PATHS = (
					"$(inherited)",
					"@executable_path/Frameworks",
					"@loader_path/Frameworks",
				);
				PRODUCT_BUNDLE_IDENTIFIER = xx.weiTests;
				PRODUCT_NAME = "$(TARGET_NAME)";
				TARGETED_DEVICE_FAMILY = "1,2";
				TEST_HOST = "$(BUILT_PRODUCTS_DIR)/wei.app/wei";
			};
			name = Release;
		};
		5CD3E78F24DFA78400C7B238 /* Debug */ = {
			isa = XCBuildConfiguration;
			buildSettings = {
				CODE_SIGN_STYLE = Automatic;
				INFOPLIST_FILE = weiUITests/Info.plist;
				LD_RUNPATH_SEARCH_PATHS = (
					"$(inherited)",
					"@executable_path/Frameworks",
					"@loader_path/Frameworks",
				);
				PRODUCT_BUNDLE_IDENTIFIER = xx.weiUITests;
				PRODUCT_NAME = "$(TARGET_NAME)";
				TARGETED_DEVICE_FAMILY = "1,2";
				TEST_TARGET_NAME = wei;
			};
			name = Debug;
		};
		5CD3E79024DFA78400C7B238 /* Release */ = {
			isa = XCBuildConfiguration;
			buildSettings = {
				CODE_SIGN_STYLE = Automatic;
				INFOPLIST_FILE = weiUITests/Info.plist;
				LD_RUNPATH_SEARCH_PATHS = (
					"$(inherited)",
					"@executable_path/Frameworks",
					"@loader_path/Frameworks",
				);
				PRODUCT_BUNDLE_IDENTIFIER = xx.weiUITests;
				PRODUCT_NAME = "$(TARGET_NAME)";
				TARGETED_DEVICE_FAMILY = "1,2";
				TEST_TARGET_NAME = wei;
			};
			name = Release;
		};
/* End XCBuildConfiguration section */

/* Begin XCConfigurationList section */
		5CD3E75424DFA78300C7B238 /* Build configuration list for PBXProject "wei" */ = {
			isa = XCConfigurationList;
			buildConfigurations = (
				5CD3E78624DFA78400C7B238 /* Debug */,
				5CD3E78724DFA78400C7B238 /* Release */,
			);
			defaultConfigurationIsVisible = 0;
			defaultConfigurationName = Release;
		};
		5CD3E78824DFA78400C7B238 /* Build configuration list for PBXNativeTarget "wei" */ = {
			isa = XCConfigurationList;
			buildConfigurations = (
				5CD3E78924DFA78400C7B238 /* Debug */,
				5CD3E78A24DFA78400C7B238 /* Release */,
			);
			defaultConfigurationIsVisible = 0;
			defaultConfigurationName = Release;
		};
		5CD3E78B24DFA78400C7B238 /* Build configuration list for PBXNativeTarget "weiTests" */ = {
			isa = XCConfigurationList;
			buildConfigurations = (
				5CD3E78C24DFA78400C7B238 /* Debug */,
				5CD3E78D24DFA78400C7B238 /* Release */,
			);
			defaultConfigurationIsVisible = 0;
			defaultConfigurationName = Release;
		};
		5CD3E78E24DFA78400C7B238 /* Build configuration list for PBXNativeTarget "weiUITests" */ = {
			isa = XCConfigurationList;
			buildConfigurations = (
				5CD3E78F24DFA78400C7B238 /* Debug */,
				5CD3E79024DFA78400C7B238 /* Release */,
			);
			defaultConfigurationIsVisible = 0;
			defaultConfigurationName = Release;
		};
/* End XCConfigurationList section */
	};
	rootObject = 5CD3E75124DFA78300C7B238 /* Project object */;
}
